
Microsoft Visual Studio Solution File, Format Version 12.00
# Visual Studio Version 17
VisualStudioVersion = 17.4.33110.190
MinimumVisualStudioVersion = 10.0.40219.1
Project("{9A19103F-16F7-4668-BE54-9A1E7A4F7556}") = "LibraryRentingApp", "LibraryRentingApp\LibraryRentingApp.csproj", "{38670C14-825D-41E6-A6AE-81B7B5EB4A0F}"
EndProject
Project("{9A19103F-16F7-4668-BE54-9A1E7A4F7556}") = "LibraryRentingAppTests", "TestProject1\LibraryRentingAppTests.csproj", "{48C8C17A-AD32-49AA-A113-7C4C1AAFB6B8}"
EndProject
Global
	GlobalSection(SolutionConfigurationPlatforms) = preSolution
		Debug|Any CPU = Debug|Any CPU
		Release|Any CPU = Release|Any CPU
	EndGlobalSection
	GlobalSection(ProjectConfigurationPlatforms) = postSolution
		{38670C14-825D-41E6-A6AE-81B7B5EB4A0F}.Debug|Any CPU.ActiveCfg = Debug|Any CPU
		{38670C14-825D-41E6-A6AE-81B7B5EB4A0F}.Debug|Any CPU.Build.0 = Debug|Any CPU
		{38670C14-825D-41E6-A6AE-81B7B5EB4A0F}.Release|Any CPU.ActiveCfg = Release|Any CPU
		{38670C14-825D-41E6-A6AE-81B7B5EB4A0F}.Release|Any CPU.Build.0 = Release|Any CPU
		{48C8C17A-AD32-49AA-A113-7C4C1AAFB6B8}.Debug|Any CPU.ActiveCfg = Debug|Any CPU
		{48C8C17A-AD32-49AA-A113-7C4C1AAFB6B8}.Debug|Any CPU.Build.0 = Debug|Any CPU
		{48C8C17A-AD32-49AA-A113-7C4C1AAFB6B8}.Release|Any CPU.ActiveCfg = Release|Any CPU
		{48C8C17A-AD32-49AA-A113-7C4C1AAFB6B8}.Release|Any CPU.Build.0 = Release|Any CPU
	EndGlobalSection
	GlobalSection(SolutionProperties) = preSolution
		HideSolutionNode = FALSE
	EndGlobalSection
	GlobalSection(ExtensibilityGlobals) = postSolution
		SolutionGuid = {B3DB24AB-05C3-4235-9FD2-2B280EC163F3}
	EndGlobalSection
EndGlobal
